
Microsoft Visual Studio Solution File, Format Version 12.00
# Visual Studio Version 17
VisualStudioVersion = 17.7.34031.279
MinimumVisualStudioVersion = 10.0.40219.1
Project("{FAE04EC0-301F-11D3-BF4B-00C04F79EFBC}") = "ProyectoAdministracionDBA", "ProyectoAdministracionDBA\ProyectoAdministracionDBA.csproj", "{FBE64E2E-1BA6-43C2-8D9F-76D25E6F9A31}"
EndProject
Global
	GlobalSection(SolutionConfigurationPlatforms) = preSolution
		Debug|Any CPU = Debug|Any CPU
		Release|Any CPU = Release|Any CPU
	EndGlobalSection
	GlobalSection(ProjectConfigurationPlatforms) = postSolution
		{FBE64E2E-1BA6-43C2-8D9F-76D25E6F9A31}.Debug|Any CPU.ActiveCfg = Debug|Any CPU
		{FBE64E2E-1BA6-43C2-8D9F-76D25E6F9A31}.Debug|Any CPU.Build.0 = Debug|Any CPU
		{FBE64E2E-1BA6-43C2-8D9F-76D25E6F9A31}.Release|Any CPU.ActiveCfg = Release|Any CPU
		{FBE64E2E-1BA6-43C2-8D9F-76D25E6F9A31}.Release|Any CPU.Build.0 = Release|Any CPU
	EndGlobalSection
	GlobalSection(SolutionProperties) = preSolution
		HideSolutionNode = FALSE
	EndGlobalSection
	GlobalSection(ExtensibilityGlobals) = postSolution
		SolutionGuid = {49B2D6A4-7DE3-4C64-9D71-63262B1A4B47}
	EndGlobalSection
EndGlobal
